
Microsoft Visual Studio Solution File, Format Version 12.00
# Visual Studio Version 16
VisualStudioVersion = 16.0.29025.244
MinimumVisualStudioVersion = 10.0.40219.1
Project("{FAE04EC0-301F-11D3-BF4B-00C04F79EFBC}") = "jenkinsapp", "jenkinsapp\jenkinsapp.csproj", "{BDB1674F-2630-420D-955A-1D5239384C85}"
EndProject
Global
	GlobalSection(SolutionConfigurationPlatforms) = preSolution
		Debug|Any CPU = Debug|Any CPU
		Release|Any CPU = Release|Any CPU
	EndGlobalSection
	GlobalSection(ProjectConfigurationPlatforms) = postSolution
		{BDB1674F-2630-420D-955A-1D5239384C85}.Debug|Any CPU.ActiveCfg = Debug|Any CPU
		{BDB1674F-2630-420D-955A-1D5239384C85}.Debug|Any CPU.Build.0 = Debug|Any CPU
		{BDB1674F-2630-420D-955A-1D5239384C85}.Release|Any CPU.ActiveCfg = Release|Any CPU
		{BDB1674F-2630-420D-955A-1D5239384C85}.Release|Any CPU.Build.0 = Release|Any CPU
	EndGlobalSection
	GlobalSection(SolutionProperties) = preSolution
		HideSolutionNode = FALSE
	EndGlobalSection
	GlobalSection(ExtensibilityGlobals) = postSolution
		SolutionGuid = {6FD19A83-7E73-4946-96FF-B72144E52216}
	EndGlobalSection
EndGlobal
